schema: '2.0'
stages:
  preprocess:
    cmd: python scripts/preprocess_dataset.py
    deps:
    - path: raw_dataset/weather.csv
      hash: md5
      md5: e602b116f50269aa781c0c910cd80db9
      size: 2701130
      isexec: true
    - path: scripts/preprocess_dataset.py
      hash: md5
      md5: a39e9469be528b20cf08f8a2e6ed97aa
      size: 3396
      isexec: true
    - path: scripts/utils_and_constants.py
      hash: md5
      md5: 90ebc4e2cc7adf4c4b6f34d2fae66a48
      size: 388
      isexec: true
    outs:
    - path: processed_dataset/weather.csv
      hash: md5
      md5: 1dea080f8f73483cabd710f788ba0143
      size: 10501985
      isexec: true
  train:
    cmd: python scripts/train.py
    deps:
    - path: processed_dataset/weather.csv
      hash: md5
      md5: 1dea080f8f73483cabd710f788ba0143
      size: 10501985
      isexec: true
    - path: scripts/metrics_and_plots.py
      hash: md5
      md5: 91c9116d572d22bfbfad1134af152ac9
      size: 516
      isexec: true
    - path: scripts/model.py
      hash: md5
      md5: 8e9728601241a7b1d6fb6d1cd018e966
      size: 885
      isexec: true
    - path: scripts/train.py
      hash: md5
      md5: 8998b00448e4e93186d9f80c92f4242b
      size: 1118
      isexec: true
    - path: scripts/utils_and_constants.py
      hash: md5
      md5: 90ebc4e2cc7adf4c4b6f34d2fae66a48
      size: 388
      isexec: true
    outs:
    - path: outputs/confusion_matrix.png
      hash: md5
      md5: f075899bbee176e142941a773b16c535
      size: 17585
      isexec: true
    - path: outputs/metrics.json
      hash: md5
      md5: 940fc823bf91f2de3fe91031b226e62d
      size: 78
      isexec: true
